
Microsoft Visual Studio Solution File, Format Version 12.00
# Visual Studio 15
VisualStudioVersion = 15.0.26730.0
MinimumVisualStudioVersion = 10.0.40219.1
Project("{FAE04EC0-301F-11D3-BF4B-00C04F79EFBC}") = "TestApp", "TestApp\TestApp.csproj", "{F4D750A5-022D-4CBF-82B4-970113F34ECA}"
EndProject
Global
	GlobalSection(SolutionConfigurationPlatforms) = preSolution
		Debug|Any CPU = Debug|Any CPU
		Release|Any CPU = Release|Any CPU
	EndGlobalSection
	GlobalSection(ProjectConfigurationPlatforms) = postSolution
		{F4D750A5-022D-4CBF-82B4-970113F34ECA}.Debug|Any CPU.ActiveCfg = Debug|Any CPU
		{F4D750A5-022D-4CBF-82B4-970113F34ECA}.Debug|Any CPU.Build.0 = Debug|Any CPU
		{F4D750A5-022D-4CBF-82B4-970113F34ECA}.Release|Any CPU.ActiveCfg = Release|Any CPU
		{F4D750A5-022D-4CBF-82B4-970113F34ECA}.Release|Any CPU.Build.0 = Release|Any CPU
	EndGlobalSection
	GlobalSection(SolutionProperties) = preSolution
		HideSolutionNode = FALSE
	EndGlobalSection
	GlobalSection(ExtensibilityGlobals) = postSolution
		SolutionGuid = {D6092459-D564-4578-8FF5-354183880477}
	EndGlobalSection
EndGlobal
